
Microsoft Visual Studio Solution File, Format Version 12.00
# Visual Studio 15
VisualStudioVersion = 15.0.28307.421
MinimumVisualStudioVersion = 10.0.40219.1
Project("{FAE04EC0-301F-11D3-BF4B-00C04F79EFBC}") = "GettingStarted.Android", "GettingStarted\GettingStarted.Android\GettingStarted.Android.csproj", "{24F8EF50-FA37-43FD-AB97-E404055C12E2}"
EndProject
Project("{FAE04EC0-301F-11D3-BF4B-00C04F79EFBC}") = "GettingStarted.iOS", "GettingStarted\GettingStarted.iOS\GettingStarted.iOS.csproj", "{5F798432-2F62-4F61-85E1-96F54083F903}"
EndProject
Project("{FAE04EC0-301F-11D3-BF4B-00C04F79EFBC}") = "GettingStarted.UWP", "GettingStarted\GettingStarted.UWP\GettingStarted.UWP.csproj", "{B6CC8D3B-6B88-4BBA-A53A-98059969BA83}"
EndProject
Project("{FAE04EC0-301F-11D3-BF4B-00C04F79EFBC}") = "GettingStarted", "GettingStarted\GettingStarted\GettingStarted.csproj", "{1035BF06-462B-4FD9-9B6C-14A336BC81D8}"
EndProject
Global
	GlobalSection(SolutionConfigurationPlatforms) = preSolution
		Ad-Hoc|Any CPU = Ad-Hoc|Any CPU
		Ad-Hoc|ARM = Ad-Hoc|ARM
		Ad-Hoc|iPhone = Ad-Hoc|iPhone
		Ad-Hoc|iPhoneSimulator = Ad-Hoc|iPhoneSimulator
		Ad-Hoc|x64 = Ad-Hoc|x64
		Ad-Hoc|x86 = Ad-Hoc|x86
		AppStore|Any CPU = AppStore|Any CPU
		AppStore|ARM = AppStore|ARM
		AppStore|iPhone = AppStore|iPhone
		AppStore|iPhoneSimulator = AppStore|iPhoneSimulator
		AppStore|x64 = AppStore|x64
		AppStore|x86 = AppStore|x86
		Debug|Any CPU = Debug|Any CPU
		Debug|ARM = Debug|ARM
		Debug|iPhone = Debug|iPhone
		Debug|iPhoneSimulator = Debug|iPhoneSimulator
		Debug|x64 = Debug|x64
		Debug|x86 = Debug|x86
		Release|Any CPU = Release|Any CPU
		Release|ARM = Release|ARM
		Release|iPhone = Release|iPhone
		Release|iPhoneSimulator = Release|iPhoneSimulator
		Release|x64 = Release|x64
		Release|x86 = Release|x86
	EndGlobalSection
	GlobalSection(ProjectConfigurationPlatforms) = postSolution
		{24F8EF50-FA37-43FD-AB97-E404055C12E2}.Ad-Hoc|Any CPU.ActiveCfg = Release|Any CPU
		{24F8EF50-FA37-43FD-AB97-E404055C12E2}.Ad-Hoc|Any CPU.Build.0 = Release|Any CPU
		{24F8EF50-FA37-43FD-AB97-E404055C12E2}.Ad-Hoc|Any CPU.Deploy.0 = Release|Any CPU
		{24F8EF50-FA37-43FD-AB97-E404055C12E2}.Ad-Hoc|ARM.ActiveCfg = Release|Any CPU
		{24F8EF50-FA37-43FD-AB97-E404055C12E2}.Ad-Hoc|ARM.Build.0 = Release|Any CPU
		{24F8EF50-FA37-43FD-AB97-E404055C12E2}.Ad-Hoc|ARM.Deploy.0 = Release|Any CPU
		{24F8EF50-FA37-43FD-AB97-E404055C12E2}.Ad-Hoc|iPhone.ActiveCfg = Release|Any CPU
		{24F8EF50-FA37-43FD-AB97-E404055C12E2}.Ad-Hoc|iPhone.Build.0 = Release|Any CPU
		{24F8EF50-FA37-43FD-AB97-E404055C12E2}.Ad-Hoc|iPhone.Deploy.0 = Release|Any CPU
		{24F8EF50-FA37-43FD-AB97-E404055C12E2}.Ad-Hoc|iPhoneSimulator.ActiveCfg = Release|Any CPU
		{24F8EF50-FA37-43FD-AB97-E404055C12E2}.Ad-Hoc|iPhoneSimulator.Build.0 = Release|Any CPU
		{24F8EF50-FA37-43FD-AB97-E404055C12E2}.Ad-Hoc|iPhoneSimulator.Deploy.0 = Release|Any CPU
		{24F8EF50-FA37-43FD-AB97-E404055C12E2}.Ad-Hoc|x64.ActiveCfg = Release|Any CPU
		{24F8EF50-FA37-43FD-AB97-E404055C12E2}.Ad-Hoc|x64.Build.0 = Release|Any CPU
		{24F8EF50-FA37-43FD-AB97-E404055C12E2}.Ad-Hoc|x64.Deploy.0 = Release|Any CPU
		{24F8EF50-FA37-43FD-AB97-E404055C12E2}.Ad-Hoc|x86.ActiveCfg = Release|Any CPU
		{24F8EF50-FA37-43FD-AB97-E404055C12E2}.Ad-Hoc|x86.Build.0 = Release|Any CPU
		{24F8EF50-FA37-43FD-AB97-E404055C12E2}.Ad-Hoc|x86.Deploy.0 = Release|Any CPU
		{24F8EF50-FA37-43FD-AB97-E404055C12E2}.AppStore|Any CPU.ActiveCfg = Release|Any CPU
		{24F8EF50-FA37-43FD-AB97-E404055C12E2}.AppStore|Any CPU.Build.0 = Release|Any CPU
		{24F8EF50-FA37-43FD-AB97-E404055C12E2}.AppStore|Any CPU.Deploy.0 = Release|Any CPU
		{24F8EF50-FA37-43FD-AB97-E404055C12E2}.AppStore|ARM.ActiveCfg = Release|Any CPU
		{24F8EF50-FA37-43FD-AB97-E404055C12E2}.AppStore|ARM.Build.0 = Release|Any CPU
		{24F8EF50-FA37-43FD-AB97-E404055C12E2}.AppStore|ARM.Deploy.0 = Release|Any CPU
		{24F8EF50-FA37-43FD-AB97-E404055C12E2}.AppStore|iPhone.ActiveCfg = Release|Any CPU
		{24F8EF50-FA37-43FD-AB97-E404055C12E2}.AppStore|iPhone.Build.0 = Release|Any CPU
		{24F8EF50-FA37-43FD-AB97-E404055C12E2}.AppStore|iPhone.Deploy.0 = Release|Any CPU
		{24F8EF50-FA37-43FD-AB97-E404055C12E2}.AppStore|iPhoneSimulator.ActiveCfg = Release|Any CPU
		{24F8EF50-FA37-43FD-AB97-E404055C12E2}.AppStore|iPhoneSimulator.Build.0 = Release|Any CPU
		{24F8EF50-FA37-43FD-AB97-E404055C12E2}.AppStore|iPhoneSimulator.Deploy.0 = Release|Any CPU
		{24F8EF50-FA37-43FD-AB97-E404055C12E2}.AppStore|x64.ActiveCfg = Release|Any CPU
		{24F8EF50-FA37-43FD-AB97-E404055C12E2}.AppStore|x64.Build.0 = Release|Any CPU
		{24F8EF50-FA37-43FD-AB97-E404055C12E2}.AppStore|x64.Deploy.0 = Release|Any CPU
		{24F8EF50-FA37-43FD-AB97-E404055C12E2}.AppStore|x86.ActiveCfg = Release|Any CPU
		{24F8EF50-FA37-43FD-AB97-E404055C12E2}.AppStore|x86.Build.0 = Release|Any CPU
		{24F8EF50-FA37-43FD-AB97-E404055C12E2}.AppStore|x86.Deploy.0 = Release|Any CPU
		{24F8EF50-FA37-43FD-AB97-E404055C12E2}.Debug|Any CPU.ActiveCfg = Debug|Any CPU
		{24F8EF50-FA37-43FD-AB97-E404055C12E2}.Debug|Any CPU.Build.0 = Debug|Any CPU
		{24F8EF50-FA37-43FD-AB97-E404055C12E2}.Debug|Any CPU.Deploy.0 = Debug|Any CPU
		{24F8EF50-FA37-43FD-AB97-E404055C12E2}.Debug|ARM.ActiveCfg = Debug|Any CPU
		{24F8EF50-FA37-43FD-AB97-E404055C12E2}.Debug|ARM.Build.0 = Debug|Any CPU
		{24F8EF50-FA37-43FD-AB97-E404055C12E2}.Debug|ARM.Deploy.0 = Debug|Any CPU
		{24F8EF50-FA37-43FD-AB97-E404055C12E2}.Debug|iPhone.ActiveCfg = Debug|Any CPU
		{24F8EF50-FA37-43FD-AB97-E404055C12E2}.Debug|iPhone.Build.0 = Debug|Any CPU
		{24F8EF50-FA37-43FD-AB97-E404055C12E2}.Debug|iPhone.Deploy.0 = Debug|Any CPU
		{24F8EF50-FA37-43FD-AB97-E404055C12E2}.Debug|iPhoneSimulator.ActiveCfg = Debug|Any CPU
		{24F8EF50-FA37-43FD-AB97-E404055C12E2}.Debug|iPhoneSimulator.Build.0 = Debug|Any CPU
		{24F8EF50-FA37-43FD-AB97-E404055C12E2}.Debug|iPhoneSimulator.Deploy.0 = Debug|Any CPU
		{24F8EF50-FA37-43FD-AB97-E404055C12E2}.Debug|x64.ActiveCfg = Debug|Any CPU
		{24F8EF50-FA37-43FD-AB97-E404055C12E2}.Debug|x64.Build.0 = Debug|Any CPU
		{24F8EF50-FA37-43FD-AB97-E404055C12E2}.Debug|x64.Deploy.0 = Debug|Any CPU
		{24F8EF50-FA37-43FD-AB97-E404055C12E2}.Debug|x86.ActiveCfg = Debug|Any CPU
		{24F8EF50-FA37-43FD-AB97-E404055C12E2}.Debug|x86.Build.0 = Debug|Any CPU
		{24F8EF50-FA37-43FD-AB97-E404055C12E2}.Debug|x86.Deploy.0 = Debug|Any CPU
		{24F8EF50-FA37-43FD-AB97-E404055C12E2}.Release|Any CPU.ActiveCfg = Release|Any CPU
		{24F8EF50-FA37-43FD-AB97-E404055C12E2}.Release|Any CPU.Build.0 = Release|Any CPU
		{24F8EF50-FA37-43FD-AB97-E404055C12E2}.Release|Any CPU.Deploy.0 = Release|Any CPU
		{24F8EF50-FA37-43FD-AB97-E404055C12E2}.Release|ARM.ActiveCfg = Release|Any CPU
		{24F8EF50-FA37-43FD-AB97-E404055C12E2}.Release|ARM.Build.0 = Release|Any CPU
		{24F8EF50-FA37-43FD-AB97-E404055C12E2}.Release|ARM.Deploy.0 = Release|Any CPU
		{24F8EF50-FA37-43FD-AB97-E404055C12E2}.Release|iPhone.ActiveCfg = Release|Any CPU
		{24F8EF50-FA37-43FD-AB97-E404055C12E2}.Release|iPhone.Build.0 = Release|Any CPU
		{24F8EF50-FA37-43FD-AB97-E404055C12E2}.Release|iPhone.Deploy.0 = Release|Any CPU
		{24F8EF50-FA37-43FD-AB97-E404055C12E2}.Release|iPhoneSimulator.ActiveCfg = Release|Any CPU
		{24F8EF50-FA37-43FD-AB97-E404055C12E2}.Release|iPhoneSimulator.Build.0 = Release|Any CPU
		{24F8EF50-FA37-43FD-AB97-E404055C12E2}.Release|iPhoneSimulator.Deploy.0 = Release|Any CPU
		{24F8EF50-FA37-43FD-AB97-E404055C12E2}.Release|x64.ActiveCfg = Release|Any CPU
		{24F8EF50-FA37-43FD-AB97-E404055C12E2}.Release|x64.Build.0 = Release|Any CPU
		{24F8EF50-FA37-43FD-AB97-E404055C12E2}.Release|x64.Deploy.0 = Release|Any CPU
		{24F8EF50-FA37-43FD-AB97-E404055C12E2}.Release|x86.ActiveCfg = Release|Any CPU
		{24F8EF50-FA37-43FD-AB97-E404055C12E2}.Release|x86.Build.0 = Release|Any CPU
		{24F8EF50-FA37-43FD-AB97-E404055C12E2}.Release|x86.Deploy.0 = Release|Any CPU
		{5F798432-2F62-4F61-85E1-96F54083F903}.Ad-Hoc|Any CPU.ActiveCfg = Ad-Hoc|iPhone
		{5F798432-2F62-4F61-85E1-96F54083F903}.Ad-Hoc|Any CPU.Build.0 = Ad-Hoc|iPhone
		{5F798432-2F62-4F61-85E1-96F54083F903}.Ad-Hoc|Any CPU.Deploy.0 = Ad-Hoc|iPhone
		{5F798432-2F62-4F61-85E1-96F54083F903}.Ad-Hoc|ARM.ActiveCfg = Ad-Hoc|iPhone
		{5F798432-2F62-4F61-85E1-96F54083F903}.Ad-Hoc|ARM.Build.0 = Ad-Hoc|iPhone
		{5F798432-2F62-4F61-85E1-96F54083F903}.Ad-Hoc|ARM.Deploy.0 = Ad-Hoc|iPhone
		{5F798432-2F62-4F61-85E1-96F54083F903}.Ad-Hoc|iPhone.ActiveCfg = Ad-Hoc|iPhone
		{5F798432-2F62-4F61-85E1-96F54083F903}.Ad-Hoc|iPhone.Build.0 = Ad-Hoc|iPhone
		{5F798432-2F62-4F61-85E1-96F54083F903}.Ad-Hoc|iPhone.Deploy.0 = Ad-Hoc|iPhone
		{5F798432-2F62-4F61-85E1-96F54083F903}.Ad-Hoc|iPhoneSimulator.ActiveCfg = Ad-Hoc|iPhoneSimulator
		{5F798432-2F62-4F61-85E1-96F54083F903}.Ad-Hoc|iPhoneSimulator.Build.0 = Ad-Hoc|iPhoneSimulator
		{5F798432-2F62-4F61-85E1-96F54083F903}.Ad-Hoc|iPhoneSimulator.Deploy.0 = Ad-Hoc|iPhoneSimulator
		{5F798432-2F62-4F61-85E1-96F54083F903}.Ad-Hoc|x64.ActiveCfg = Ad-Hoc|iPhone
		{5F798432-2F62-4F61-85E1-96F54083F903}.Ad-Hoc|x64.Build.0 = Ad-Hoc|iPhone
		{5F798432-2F62-4F61-85E1-96F54083F903}.Ad-Hoc|x64.Deploy.0 = Ad-Hoc|iPhone
		{5F798432-2F62-4F61-85E1-96F54083F903}.Ad-Hoc|x86.ActiveCfg = Ad-Hoc|iPhone
		{5F798432-2F62-4F61-85E1-96F54083F903}.Ad-Hoc|x86.Build.0 = Ad-Hoc|iPhone
		{5F798432-2F62-4F61-85E1-96F54083F903}.Ad-Hoc|x86.Deploy.0 = Ad-Hoc|iPhone
		{5F798432-2F62-4F61-85E1-96F54083F903}.AppStore|Any CPU.ActiveCfg = AppStore|iPhone
		{5F798432-2F62-4F61-85E1-96F54083F903}.AppStore|Any CPU.Build.0 = AppStore|iPhone
		{5F798432-2F62-4F61-85E1-96F54083F903}.AppStore|Any CPU.Deploy.0 = AppStore|iPhone
		{5F798432-2F62-4F61-85E1-96F54083F903}.AppStore|ARM.ActiveCfg = AppStore|iPhone
		{5F798432-2F62-4F61-85E1-96F54083F903}.AppStore|ARM.Build.0 = AppStore|iPhone
		{5F798432-2F62-4F61-85E1-96F54083F903}.AppStore|ARM.Deploy.0 = AppStore|iPhone
		{5F798432-2F62-4F61-85E1-96F54083F903}.AppStore|iPhone.ActiveCfg = AppStore|iPhone
		{5F798432-2F62-4F61-85E1-96F54083F903}.AppStore|iPhone.Build.0 = AppStore|iPhone
		{5F798432-2F62-4F61-85E1-96F54083F903}.AppStore|iPhone.Deploy.0 = AppStore|iPhone
		{5F798432-2F62-4F61-85E1-96F54083F903}.AppStore|iPhoneSimulator.ActiveCfg = AppStore|iPhoneSimulator
		{5F798432-2F62-4F61-85E1-96F54083F903}.AppStore|iPhoneSimulator.Build.0 = AppStore|iPhoneSimulator
		{5F798432-2F62-4F61-85E1-96F54083F903}.AppStore|iPhoneSimulator.Deploy.0 = AppStore|iPhoneSimulator
		{5F798432-2F62-4F61-85E1-96F54083F903}.AppStore|x64.ActiveCfg = AppStore|iPhone
		{5F798432-2F62-4F61-85E1-96F54083F903}.AppStore|x64.Build.0 = AppStore|iPhone
		{5F798432-2F62-4F61-85E1-96F54083F903}.AppStore|x64.Deploy.0 = AppStore|iPhone
		{5F798432-2F62-4F61-85E1-96F54083F903}.AppStore|x86.ActiveCfg = AppStore|iPhone
		{5F798432-2F62-4F61-85E1-96F54083F903}.AppStore|x86.Build.0 = AppStore|iPhone
		{5F798432-2F62-4F61-85E1-96F54083F903}.AppStore|x86.Deploy.0 = AppStore|iPhone
		{5F798432-2F62-4F61-85E1-96F54083F903}.Debug|Any CPU.ActiveCfg = Debug|iPhoneSimulator
		{5F798432-2F62-4F61-85E1-96F54083F903}.Debug|Any CPU.Build.0 = Debug|iPhoneSimulator
		{5F798432-2F62-4F61-85E1-96F54083F903}.Debug|Any CPU.Deploy.0 = Debug|iPhoneSimulator
		{5F798432-2F62-4F61-85E1-96F54083F903}.Debug|ARM.ActiveCfg = Debug|iPhone
		{5F798432-2F62-4F61-85E1-96F54083F903}.Debug|ARM.Build.0 = Debug|iPhone
		{5F798432-2F62-4F61-85E1-96F54083F903}.Debug|ARM.Deploy.0 = Debug|iPhone
		{5F798432-2F62-4F61-85E1-96F54083F903}.Debug|iPhone.ActiveCfg = Debug|iPhone
		{5F798432-2F62-4F61-85E1-96F54083F903}.Debug|iPhone.Build.0 = Debug|iPhone
		{5F798432-2F62-4F61-85E1-96F54083F903}.Debug|iPhone.Deploy.0 = Debug|iPhone
		{5F798432-2F62-4F61-85E1-96F54083F903}.Debug|iPhoneSimulator.ActiveCfg = Debug|iPhoneSimulator
		{5F798432-2F62-4F61-85E1-96F54083F903}.Debug|iPhoneSimulator.Build.0 = Debug|iPhoneSimulator
		{5F798432-2F62-4F61-85E1-96F54083F903}.Debug|iPhoneSimulator.Deploy.0 = Debug|iPhoneSimulator
		{5F798432-2F62-4F61-85E1-96F54083F903}.Debug|x64.ActiveCfg = Debug|iPhone
		{5F798432-2F62-4F61-85E1-96F54083F903}.Debug|x64.Build.0 = Debug|iPhone
		{5F798432-2F62-4F61-85E1-96F54083F903}.Debug|x64.Deploy.0 = Debug|iPhone
		{5F798432-2F62-4F61-85E1-96F54083F903}.Debug|x86.ActiveCfg = Debug|iPhone
		{5F798432-2F62-4F61-85E1-96F54083F903}.Debug|x86.Build.0 = Debug|iPhone
		{5F798432-2F62-4F61-85E1-96F54083F903}.Debug|x86.Deploy.0 = Debug|iPhone
		{5F798432-2F62-4F61-85E1-96F54083F903}.Release|Any CPU.ActiveCfg = Release|iPhone
		{5F798432-2F62-4F61-85E1-96F54083F903}.Release|Any CPU.Build.0 = Release|iPhone
		{5F798432-2F62-4F61-85E1-96F54083F903}.Release|Any CPU.Deploy.0 = Release|iPhone
		{5F798432-2F62-4F61-85E1-96F54083F903}.Release|ARM.ActiveCfg = Release|iPhone
		{5F798432-2F62-4F61-85E1-96F54083F903}.Release|ARM.Build.0 = Release|iPhone
		{5F798432-2F62-4F61-85E1-96F54083F903}.Release|ARM.Deploy.0 = Release|iPhone
		{5F798432-2F62-4F61-85E1-96F54083F903}.Release|iPhone.ActiveCfg = Release|iPhone
		{5F798432-2F62-4F61-85E1-96F54083F903}.Release|iPhone.Build.0 = Release|iPhone
		{5F798432-2F62-4F61-85E1-96F54083F903}.Release|iPhone.Deploy.0 = Release|iPhone
		{5F798432-2F62-4F61-85E1-96F54083F903}.Release|iPhoneSimulator.ActiveCfg = Release|iPhoneSimulator
		{5F798432-2F62-4F61-85E1-96F54083F903}.Release|iPhoneSimulator.Build.0 = Release|iPhoneSimulator
		{5F798432-2F62-4F61-85E1-96F54083F903}.Release|iPhoneSimulator.Deploy.0 = Release|iPhoneSimulator
		{5F798432-2F62-4F61-85E1-96F54083F903}.Release|x64.ActiveCfg = Release|iPhone
		{5F798432-2F62-4F61-85E1-96F54083F903}.Release|x64.Build.0 = Release|iPhone
		{5F798432-2F62-4F61-85E1-96F54083F903}.Release|x64.Deploy.0 = Release|iPhone
		{5F798432-2F62-4F61-85E1-96F54083F903}.Release|x86.ActiveCfg = Release|iPhone
		{5F798432-2F62-4F61-85E1-96F54083F903}.Release|x86.Build.0 = Release|iPhone
		{5F798432-2F62-4F61-85E1-96F54083F903}.Release|x86.Deploy.0 = Release|iPhone
		{B6CC8D3B-6B88-4BBA-A53A-98059969BA83}.Ad-Hoc|Any CPU.ActiveCfg = Release|x86
		{B6CC8D3B-6B88-4BBA-A53A-98059969BA83}.Ad-Hoc|Any CPU.Build.0 = Release|x86
		{B6CC8D3B-6B88-4BBA-A53A-98059969BA83}.Ad-Hoc|Any CPU.Deploy.0 = Release|x86
		{B6CC8D3B-6B88-4BBA-A53A-98059969BA83}.Ad-Hoc|ARM.ActiveCfg = Release|ARM
		{B6CC8D3B-6B88-4BBA-A53A-98059969BA83}.Ad-Hoc|ARM.Build.0 = Release|ARM
		{B6CC8D3B-6B88-4BBA-A53A-98059969BA83}.Ad-Hoc|ARM.Deploy.0 = Release|ARM
		{B6CC8D3B-6B88-4BBA-A53A-98059969BA83}.Ad-Hoc|iPhone.ActiveCfg = Release|x86
		{B6CC8D3B-6B88-4BBA-A53A-98059969BA83}.Ad-Hoc|iPhone.Build.0 = Release|x86
		{B6CC8D3B-6B88-4BBA-A53A-98059969BA83}.Ad-Hoc|iPhone.Deploy.0 = Release|x86
		{B6CC8D3B-6B88-4BBA-A53A-98059969BA83}.Ad-Hoc|iPhoneSimulator.ActiveCfg = Release|x86
		{B6CC8D3B-6B88-4BBA-A53A-98059969BA83}.Ad-Hoc|iPhoneSimulator.Build.0 = Release|x86
		{B6CC8D3B-6B88-4BBA-A53A-98059969BA83}.Ad-Hoc|iPhoneSimulator.Deploy.0 = Release|x86
		{B6CC8D3B-6B88-4BBA-A53A-98059969BA83}.Ad-Hoc|x64.ActiveCfg = Release|x64
		{B6CC8D3B-6B88-4BBA-A53A-98059969BA83}.Ad-Hoc|x64.Build.0 = Release|x64
		{B6CC8D3B-6B88-4BBA-A53A-98059969BA83}.Ad-Hoc|x64.Deploy.0 = Release|x64
		{B6CC8D3B-6B88-4BBA-A53A-98059969BA83}.Ad-Hoc|x86.ActiveCfg = Release|x86
		{B6CC8D3B-6B88-4BBA-A53A-98059969BA83}.Ad-Hoc|x86.Build.0 = Release|x86
		{B6CC8D3B-6B88-4BBA-A53A-98059969BA83}.Ad-Hoc|x86.Deploy.0 = Release|x86
		{B6CC8D3B-6B88-4BBA-A53A-98059969BA83}.AppStore|Any CPU.ActiveCfg = Release|x86
		{B6CC8D3B-6B88-4BBA-A53A-98059969BA83}.AppStore|Any CPU.Build.0 = Release|x86
		{B6CC8D3B-6B88-4BBA-A53A-98059969BA83}.AppStore|Any CPU.Deploy.0 = Release|x86
		{B6CC8D3B-6B88-4BBA-A53A-98059969BA83}.AppStore|ARM.ActiveCfg = Release|ARM
		{B6CC8D3B-6B88-4BBA-A53A-98059969BA83}.AppStore|ARM.Build.0 = Release|ARM
		{B6CC8D3B-6B88-4BBA-A53A-98059969BA83}.AppStore|ARM.Deploy.0 = Release|ARM
		{B6CC8D3B-6B88-4BBA-A53A-98059969BA83}.AppStore|iPhone.ActiveCfg = Release|x86
		{B6CC8D3B-6B88-4BBA-A53A-98059969BA83}.AppStore|iPhone.Build.0 = Release|x86
		{B6CC8D3B-6B88-4BBA-A53A-98059969BA83}.AppStore|iPhone.Deploy.0 = Release|x86
		{B6CC8D3B-6B88-4BBA-A53A-98059969BA83}.AppStore|iPhoneSimulator.ActiveCfg = Release|x86
		{B6CC8D3B-6B88-4BBA-A53A-98059969BA83}.AppStore|iPhoneSimulator.Build.0 = Release|x86
		{B6CC8D3B-6B88-4BBA-A53A-98059969BA83}.AppStore|iPhoneSimulator.Deploy.0 = Release|x86
		{B6CC8D3B-6B88-4BBA-A53A-98059969BA83}.AppStore|x64.ActiveCfg = Release|x64
		{B6CC8D3B-6B88-4BBA-A53A-98059969BA83}.AppStore|x64.Build.0 = Release|x64
		{B6CC8D3B-6B88-4BBA-A53A-98059969BA83}.AppStore|x64.Deploy.0 = Release|x64
		{B6CC8D3B-6B88-4BBA-A53A-98059969BA83}.AppStore|x86.ActiveCfg = Release|x86
		{B6CC8D3B-6B88-4BBA-A53A-98059969BA83}.AppStore|x86.Build.0 = Release|x86
		{B6CC8D3B-6B88-4BBA-A53A-98059969BA83}.AppStore|x86.Deploy.0 = Release|x86
		{B6CC8D3B-6B88-4BBA-A53A-98059969BA83}.Debug|Any CPU.ActiveCfg = Debug|x86
		{B6CC8D3B-6B88-4BBA-A53A-98059969BA83}.Debug|Any CPU.Build.0 = Debug|x86
		{B6CC8D3B-6B88-4BBA-A53A-98059969BA83}.Debug|Any CPU.Deploy.0 = Debug|x86
		{B6CC8D3B-6B88-4BBA-A53A-98059969BA83}.Debug|ARM.ActiveCfg = Debug|ARM
		{B6CC8D3B-6B88-4BBA-A53A-98059969BA83}.Debug|ARM.Build.0 = Debug|ARM
		{B6CC8D3B-6B88-4BBA-A53A-98059969BA83}.Debug|ARM.Deploy.0 = Debug|ARM
		{B6CC8D3B-6B88-4BBA-A53A-98059969BA83}.Debug|iPhone.ActiveCfg = Debug|x86
		{B6CC8D3B-6B88-4BBA-A53A-98059969BA83}.Debug|iPhone.Build.0 = Debug|x86
		{B6CC8D3B-6B88-4BBA-A53A-98059969BA83}.Debug|iPhone.Deploy.0 = Debug|x86
		{B6CC8D3B-6B88-4BBA-A53A-98059969BA83}.Debug|iPhoneSimulator.ActiveCfg = Debug|x86
		{B6CC8D3B-6B88-4BBA-A53A-98059969BA83}.Debug|iPhoneSimulator.Build.0 = Debug|x86
		{B6CC8D3B-6B88-4BBA-A53A-98059969BA83}.Debug|iPhoneSimulator.Deploy.0 = Debug|x86
		{B6CC8D3B-6B88-4BBA-A53A-98059969BA83}.Debug|x64.ActiveCfg = Debug|x64
		{B6CC8D3B-6B88-4BBA-A53A-98059969BA83}.Debug|x64.Build.0 = Debug|x64
		{B6CC8D3B-6B88-4BBA-A53A-98059969BA83}.Debug|x64.Deploy.0 = Debug|x64
		{B6CC8D3B-6B88-4BBA-A53A-98059969BA83}.Debug|x86.ActiveCfg = Debug|x86
		{B6CC8D3B-6B88-4BBA-A53A-98059969BA83}.Debug|x86.Build.0 = Debug|x86
		{B6CC8D3B-6B88-4BBA-A53A-98059969BA83}.Debug|x86.Deploy.0 = Debug|x86
		{B6CC8D3B-6B88-4BBA-A53A-98059969BA83}.Release|Any CPU.ActiveCfg = Release|x86
		{B6CC8D3B-6B88-4BBA-A53A-98059969BA83}.Release|Any CPU.Build.0 = Release|x86
		{B6CC8D3B-6B88-4BBA-A53A-98059969BA83}.Release|Any CPU.Deploy.0 = Release|x86
		{B6CC8D3B-6B88-4BBA-A53A-98059969BA83}.Release|ARM.ActiveCfg = Release|ARM
		{B6CC8D3B-6B88-4BBA-A53A-98059969BA83}.Release|ARM.Build.0 = Release|ARM
		{B6CC8D3B-6B88-4BBA-A53A-98059969BA83}.Release|ARM.Deploy.0 = Release|ARM
		{B6CC8D3B-6B88-4BBA-A53A-98059969BA83}.Release|iPhone.ActiveCfg = Release|x86
		{B6CC8D3B-6B88-4BBA-A53A-98059969BA83}.Release|iPhone.Build.0 = Release|x86
		{B6CC8D3B-6B88-4BBA-A53A-98059969BA83}.Release|iPhone.Deploy.0 = Release|x86
		{B6CC8D3B-6B88-4BBA-A53A-98059969BA83}.Release|iPhoneSimulator.ActiveCfg = Release|x86
		{B6CC8D3B-6B88-4BBA-A53A-98059969BA83}.Release|iPhoneSimulator.Build.0 = Release|x86
		{B6CC8D3B-6B88-4BBA-A53A-98059969BA83}.Release|iPhoneSimulator.Deploy.0 = Release|x86
		{B6CC8D3B-6B88-4BBA-A53A-98059969BA83}.Release|x64.ActiveCfg = Release|x64
		{B6CC8D3B-6B88-4BBA-A53A-98059969BA83}.Release|x64.Build.0 = Release|x64
		{B6CC8D3B-6B88-4BBA-A53A-98059969BA83}.Release|x64.Deploy.0 = Release|x64
		{B6CC8D3B-6B88-4BBA-A53A-98059969BA83}.Release|x86.ActiveCfg = Release|x86
		{B6CC8D3B-6B88-4BBA-A53A-98059969BA83}.Release|x86.Build.0 = Release|x86
		{B6CC8D3B-6B88-4BBA-A53A-98059969BA83}.Release|x86.Deploy.0 = Release|x86
		{1035BF06-462B-4FD9-9B6C-14A336BC81D8}.Ad-Hoc|Any CPU.ActiveCfg = Debug|Any CPU
		{1035BF06-462B-4FD9-9B6C-14A336BC81D8}.Ad-Hoc|Any CPU.Build.0 = Debug|Any CPU
		{1035BF06-462B-4FD9-9B6C-14A336BC81D8}.Ad-Hoc|Any CPU.Deploy.0 = Debug|Any CPU
		{1035BF06-462B-4FD9-9B6C-14A336BC81D8}.Ad-Hoc|ARM.ActiveCfg = Debug|Any CPU
		{1035BF06-462B-4FD9-9B6C-14A336BC81D8}.Ad-Hoc|ARM.Build.0 = Debug|Any CPU
		{1035BF06-462B-4FD9-9B6C-14A336BC81D8}.Ad-Hoc|ARM.Deploy.0 = Debug|Any CPU
		{1035BF06-462B-4FD9-9B6C-14A336BC81D8}.Ad-Hoc|iPhone.ActiveCfg = Debug|Any CPU
		{1035BF06-462B-4FD9-9B6C-14A336BC81D8}.Ad-Hoc|iPhone.Build.0 = Debug|Any CPU
		{1035BF06-462B-4FD9-9B6C-14A336BC81D8}.Ad-Hoc|iPhone.Deploy.0 = Debug|Any CPU
		{1035BF06-462B-4FD9-9B6C-14A336BC81D8}.Ad-Hoc|iPhoneSimulator.ActiveCfg = Debug|Any CPU
		{1035BF06-462B-4FD9-9B6C-14A336BC81D8}.Ad-Hoc|iPhoneSimulator.Build.0 = Debug|Any CPU
		{1035BF06-462B-4FD9-9B6C-14A336BC81D8}.Ad-Hoc|iPhoneSimulator.Deploy.0 = Debug|Any CPU
		{1035BF06-462B-4FD9-9B6C-14A336BC81D8}.Ad-Hoc|x64.ActiveCfg = Debug|Any CPU
		{1035BF06-462B-4FD9-9B6C-14A336BC81D8}.Ad-Hoc|x64.Build.0 = Debug|Any CPU
		{1035BF06-462B-4FD9-9B6C-14A336BC81D8}.Ad-Hoc|x64.Deploy.0 = Debug|Any CPU
		{1035BF06-462B-4FD9-9B6C-14A336BC81D8}.Ad-Hoc|x86.ActiveCfg = Debug|Any CPU
		{1035BF06-462B-4FD9-9B6C-14A336BC81D8}.Ad-Hoc|x86.Build.0 = Debug|Any CPU
		{1035BF06-462B-4FD9-9B6C-14A336BC81D8}.Ad-Hoc|x86.Deploy.0 = Debug|Any CPU
		{1035BF06-462B-4FD9-9B6C-14A336BC81D8}.AppStore|Any CPU.ActiveCfg = Debug|Any CPU
		{1035BF06-462B-4FD9-9B6C-14A336BC81D8}.AppStore|Any CPU.Build.0 = Debug|Any CPU
		{1035BF06-462B-4FD9-9B6C-14A336BC81D8}.AppStore|Any CPU.Deploy.0 = Debug|Any CPU
		{1035BF06-462B-4FD9-9B6C-14A336BC81D8}.AppStore|ARM.ActiveCfg = Debug|Any CPU
		{1035BF06-462B-4FD9-9B6C-14A336BC81D8}.AppStore|ARM.Build.0 = Debug|Any CPU
		{1035BF06-462B-4FD9-9B6C-14A336BC81D8}.AppStore|ARM.Deploy.0 = Debug|Any CPU
		{1035BF06-462B-4FD9-9B6C-14A336BC81D8}.AppStore|iPhone.ActiveCfg = Debug|Any CPU
		{1035BF06-462B-4FD9-9B6C-14A336BC81D8}.AppStore|iPhone.Build.0 = Debug|Any CPU
		{1035BF06-462B-4FD9-9B6C-14A336BC81D8}.AppStore|iPhone.Deploy.0 = Debug|Any CPU
		{1035BF06-462B-4FD9-9B6C-14A336BC81D8}.AppStore|iPhoneSimulator.ActiveCfg = Debug|Any CPU
		{1035BF06-462B-4FD9-9B6C-14A336BC81D8}.AppStore|iPhoneSimulator.Build.0 = Debug|Any CPU
		{1035BF06-462B-4FD9-9B6C-14A336BC81D8}.AppStore|iPhoneSimulator.Deploy.0 = Debug|Any CPU
		{1035BF06-462B-4FD9-9B6C-14A336BC81D8}.AppStore|x64.ActiveCfg = Debug|Any CPU
		{1035BF06-462B-4FD9-9B6C-14A336BC81D8}.AppStore|x64.Build.0 = Debug|Any CPU
		{1035BF06-462B-4FD9-9B6C-14A336BC81D8}.AppStore|x64.Deploy.0 = Debug|Any CPU
		{1035BF06-462B-4FD9-9B6C-14A336BC81D8}.AppStore|x86.ActiveCfg = Debug|Any CPU
		{1035BF06-462B-4FD9-9B6C-14A336BC81D8}.AppStore|x86.Build.0 = Debug|Any CPU
		{1035BF06-462B-4FD9-9B6C-14A336BC81D8}.AppStore|x86.Deploy.0 = Debug|Any CPU
		{1035BF06-462B-4FD9-9B6C-14A336BC81D8}.Debug|Any CPU.ActiveCfg = Debug|Any CPU
		{1035BF06-462B-4FD9-9B6C-14A336BC81D8}.Debug|Any CPU.Build.0 = Debug|Any CPU
		{1035BF06-462B-4FD9-9B6C-14A336BC81D8}.Debug|Any CPU.Deploy.0 = Debug|Any CPU
		{1035BF06-462B-4FD9-9B6C-14A336BC81D8}.Debug|ARM.ActiveCfg = Debug|Any CPU
		{1035BF06-462B-4FD9-9B6C-14A336BC81D8}.Debug|ARM.Build.0 = Debug|Any CPU
		{1035BF06-462B-4FD9-9B6C-14A336BC81D8}.Debug|ARM.Deploy.0 = Debug|Any CPU
		{1035BF06-462B-4FD9-9B6C-14A336BC81D8}.Debug|iPhone.ActiveCfg = Debug|Any CPU
		{1035BF06-462B-4FD9-9B6C-14A336BC81D8}.Debug|iPhone.Build.0 = Debug|Any CPU
		{1035BF06-462B-4FD9-9B6C-14A336BC81D8}.Debug|iPhone.Deploy.0 = Debug|Any CPU
		{1035BF06-462B-4FD9-9B6C-14A336BC81D8}.Debug|iPhoneSimulator.ActiveCfg = Debug|Any CPU
		{1035BF06-462B-4FD9-9B6C-14A336BC81D8}.Debug|iPhoneSimulator.Build.0 = Debug|Any CPU
		{1035BF06-462B-4FD9-9B6C-14A336BC81D8}.Debug|iPhoneSimulator.Deploy.0 = Debug|Any CPU
		{1035BF06-462B-4FD9-9B6C-14A336BC81D8}.Debug|x64.ActiveCfg = Debug|Any CPU
		{1035BF06-462B-4FD9-9B6C-14A336BC81D8}.Debug|x64.Build.0 = Debug|Any CPU
		{1035BF06-462B-4FD9-9B6C-14A336BC81D8}.Debug|x64.Deploy.0 = Debug|Any CPU
		{1035BF06-462B-4FD9-9B6C-14A336BC81D8}.Debug|x86.ActiveCfg = Debug|Any CPU
		{1035BF06-462B-4FD9-9B6C-14A336BC81D8}.Debug|x86.Build.0 = Debug|Any CPU
		{1035BF06-462B-4FD9-9B6C-14A336BC81D8}.Debug|x86.Deploy.0 = Debug|Any CPU
		{1035BF06-462B-4FD9-9B6C-14A336BC81D8}.Release|Any CPU.ActiveCfg = Release|Any CPU
		{1035BF06-462B-4FD9-9B6C-14A336BC81D8}.Release|Any CPU.Build.0 = Release|Any CPU
		{1035BF06-462B-4FD9-9B6C-14A336BC81D8}.Release|Any CPU.Deploy.0 = Release|Any CPU
		{1035BF06-462B-4FD9-9B6C-14A336BC81D8}.Release|ARM.ActiveCfg = Release|Any CPU
		{1035BF06-462B-4FD9-9B6C-14A336BC81D8}.Release|ARM.Build.0 = Release|Any CPU
		{1035BF06-462B-4FD9-9B6C-14A336BC81D8}.Release|ARM.Deploy.0 = Release|Any CPU
		{1035BF06-462B-4FD9-9B6C-14A336BC81D8}.Release|iPhone.ActiveCfg = Release|Any CPU
		{1035BF06-462B-4FD9-9B6C-14A336BC81D8}.Release|iPhone.Build.0 = Release|Any CPU
		{1035BF06-462B-4FD9-9B6C-14A336BC81D8}.Release|iPhone.Deploy.0 = Release|Any CPU
		{1035BF06-462B-4FD9-9B6C-14A336BC81D8}.Release|iPhoneSimulator.ActiveCfg = Release|Any CPU
		{1035BF06-462B-4FD9-9B6C-14A336BC81D8}.Release|iPhoneSimulator.Build.0 = Release|Any CPU
		{1035BF06-462B-4FD9-9B6C-14A336BC81D8}.Release|iPhoneSimulator.Deploy.0 = Release|Any CPU
		{1035BF06-462B-4FD9-9B6C-14A336BC81D8}.Release|x64.ActiveCfg = Release|Any CPU
		{1035BF06-462B-4FD9-9B6C-14A336BC81D8}.Release|x64.Build.0 = Release|Any CPU
		{1035BF06-462B-4FD9-9B6C-14A336BC81D8}.Release|x64.Deploy.0 = Release|Any CPU
		{1035BF06-462B-4FD9-9B6C-14A336BC81D8}.Release|x86.ActiveCfg = Release|Any CPU
		{1035BF06-462B-4FD9-9B6C-14A336BC81D8}.Release|x86.Build.0 = Release|Any CPU
		{1035BF06-462B-4FD9-9B6C-14A336BC81D8}.Release|x86.Deploy.0 = Release|Any CPU
	EndGlobalSection
	GlobalSection(SolutionProperties) = preSolution
		HideSolutionNode = FALSE
	EndGlobalSection
	GlobalSection(ExtensibilityGlobals) = postSolution
		SolutionGuid = {DF444B0B-080F-42FE-A17B-81AD974C2DD3}
	EndGlobalSection
EndGlobal
